// !$*UTF8*$!
{
	archiveVersion = 1;
	classes = {
	};
	objectVersion = 46;
	objects = {

/* Begin PBXBuildFile section */
		099C2E5F1C36ABE50020F648 /* AppDelegate.swift in Sources */ = {isa = PBXBuildFile; fileRef = 099C2E5E1C36ABE50020F648 /* AppDelegate.swift */; };
		099C2E611C36ABE50020F648 /* ViewController.swift in Sources */ = {isa = PBXBuildFile; fileRef = 099C2E601C36ABE50020F648 /* ViewController.swift */; };
		099C2E641C36ABE50020F648 /* Main.storyboard in Resources */ = {isa = PBXBuildFile; fileRef = 099C2E621C36ABE50020F648 /* Main.storyboard */; };
		099C2E661C36ABE50020F648 /* Assets.xcassets in Resources */ = {isa = PBXBuildFile; fileRef = 099C2E651C36ABE50020F648 /* Assets.xcassets */; };
		099C2E691C36ABE50020F648 /* LaunchScreen.storyboard in Resources */ = {isa = PBXBuildFile; fileRef = 099C2E671C36ABE50020F648 /* LaunchScreen.storyboard */; };
/* End PBXBuildFile section */

/* Begin PBXFileReference section */
		099C2E5B1C36ABE50020F648 /* SwiftBasic.app */ = {isa = PBXFileReference; explicitFileType = wrapper.application; includeInIndex = 0; path = SwiftBasic.app; sourceTree = BUILT_PRODUCTS_DIR; };
		099C2E5E1C36ABE50020F648 /* AppDelegate.swift */ = {isa = PBXFileReference; lastKnownFileType = sourcecode.swift; path = AppDelegate.swift; sourceTree = "<group>"; };
		099C2E601C36ABE50020F648 /* ViewController.swift */ = {isa = PBXFileReference; lastKnownFileType = sourcecode.swift; path = ViewController.swift; sourceTree = "<group>"; };
		099C2E631C36ABE50020F648 /* Base */ = {isa = PBXFileReference; lastKnownFileType = file.storyboard; name = Base; path = Base.lproj/Main.storyboard; sourceTree = "<group>"; };
		099C2E651C36ABE50020F648 /* Assets.xcassets */ = {isa = PBXFileReference; lastKnownFileType = folder.assetcatalog; path = Assets.xcassets; sourceTree = "<group>"; };
		099C2E681C36ABE50020F648 /* Base */ = {isa = PBXFileReference; lastKnownFileType = file.storyboard; name = Base; path = Base.lproj/LaunchScreen.storyboard; sourceTree = "<group>"; };
		099C2E6A1C36ABE50020F648 /* Info.plist */ = {isa = PBXFileReference; lastKnownFileType = text.plist.xml; path = Info.plist; sourceTree = "<group>"; };
		099C2E701C36AC070020F648 /* Arrays.playground */ = {isa = PBXFileReference; lastKnownFileType = file.playground; path = Arrays.playground; sourceTree = "<group>"; };
		099C2E711C36AC070020F648 /* Class.playground */ = {isa = PBXFileReference; lastKnownFileType = file.playground; path = Class.playground; sourceTree = "<group>"; };
		099C2E721C36AC070020F648 /* Closure.playground */ = {isa = PBXFileReference; lastKnownFileType = file.playground; path = Closure.playground; sourceTree = "<group>"; };
		099C2E731C36AC070020F648 /* ControlFlow.playground */ = {isa = PBXFileReference; lastKnownFileType = file.playground; path = ControlFlow.playground; sourceTree = "<group>"; };
		099C2E741C36AC070020F648 /* Dictionary.playground */ = {isa = PBXFileReference; lastKnownFileType = file.playground; path = Dictionary.playground; sourceTree = "<group>"; };
		099C2E751C36AC070020F648 /* Enum.playground */ = {isa = PBXFileReference; lastKnownFileType = file.playground; path = Enum.playground; sourceTree = "<group>"; };
		099C2E761C36AC070020F648 /* Function.playground */ = {isa = PBXFileReference; lastKnownFileType = file.playground; path = Function.playground; sourceTree = "<group>"; };
		099C2E771C36AC070020F648 /* Loops.playground */ = {isa = PBXFileReference; lastKnownFileType = file.playground; path = Loops.playground; sourceTree = "<group>"; };
		099C2E781C36AC070020F648 /* Operation.playground */ = {isa = PBXFileReference; lastKnownFileType = file.playground; path = Operation.playground; sourceTree = "<group>"; };
		099C2E791C36AC070020F648 /* Optional.playground */ = {isa = PBXFileReference; lastKnownFileType = file.playground; path = Optional.playground; sourceTree = "<group>"; };
		099C2E7A1C36AC070020F648 /* Properties&Methods.playground */ = {isa = PBXFileReference; lastKnownFileType = file.playground; path = "Properties&Methods.playground"; sourceTree = "<group>"; };
		099C2E7B1C36AC070020F648 /* Protocol.playground */ = {isa = PBXFileReference; lastKnownFileType = file.playground; path = Protocol.playground; sourceTree = "<group>"; };
		099C2E7C1C36AC070020F648 /* Set.playground */ = {isa = PBXFileReference; lastKnownFileType = file.playground; path = Set.playground; sourceTree = "<group>"; };
		099C2E7D1C36AC070020F648 /* String.playground */ = {isa = PBXFileReference; lastKnownFileType = file.playground; path = String.playground; sourceTree = "<group>"; };
		099C2E7E1C36AC070020F648 /* Structure.playground */ = {isa = PBXFileReference; lastKnownFileType = file.playground; path = Structure.playground; sourceTree = "<group>"; };
		099C2E7F1C36AC070020F648 /* Variable.playground */ = {isa = PBXFileReference; lastKnownFileType = file.playground; path = Variable.playground; sourceTree = "<group>"; };
/* End PBXFileReference section */

/* Begin PBXFrameworksBuildPhase section */
		099C2E581C36ABE50020F648 /* Frameworks */ = {
			isa = PBXFrameworksBuildPhase;
			buildActionMask = 2147483647;
			files = (
			);
			runOnlyForDeploymentPostprocessing = 0;
		};
/* End PBXFrameworksBuildPhase section */

/* Begin PBXGroup section */
		099C2E521C36ABE50020F648 = {
			isa = PBXGroup;
			children = (
				099C2E5D1C36ABE50020F648 /* SwiftBasic */,
				099C2E5C1C36ABE50020F648 /* Products */,
			);
			sourceTree = "<group>";
		};
		099C2E5C1C36ABE50020F648 /* Products */ = {
			isa = PBXGroup;
			children = (
				099C2E5B1C36ABE50020F648 /* SwiftBasic.app */,
			);
			name = Products;
			sourceTree = "<group>";
		};
		099C2E5D1C36ABE50020F648 /* SwiftBasic */ = {
			isa = PBXGroup;
			children = (
				099C2E5E1C36ABE50020F648 /* AppDelegate.swift */,
				099C2E601C36ABE50020F648 /* ViewController.swift */,
				099C2E701C36AC070020F648 /* Arrays.playground */,
				099C2E711C36AC070020F648 /* Class.playground */,
				099C2E721C36AC070020F648 /* Closure.playground */,
				099C2E731C36AC070020F648 /* ControlFlow.playground */,
				099C2E741C36AC070020F648 /* Dictionary.playground */,
				099C2E751C36AC070020F648 /* Enum.playground */,
				099C2E761C36AC070020F648 /* Function.playground */,
				099C2E771C36AC070020F648 /* Loops.playground */,
				099C2E781C36AC070020F648 /* Operation.playground */,
				099C2E791C36AC070020F648 /* Optional.playground */,
				099C2E7A1C36AC070020F648 /* Properties&Methods.playground */,
				099C2E7B1C36AC070020F648 /* Protocol.playground */,
				099C2E7C1C36AC070020F648 /* Set.playground */,
				099C2E7D1C36AC070020F648 /* String.playground */,
				099C2E7E1C36AC070020F648 /* Structure.playground */,
				099C2E7F1C36AC070020F648 /* Variable.playground */,
				099C2E621C36ABE50020F648 /* Main.storyboard */,
				099C2E651C36ABE50020F648 /* Assets.xcassets */,
				099C2E671C36ABE50020F648 /* LaunchScreen.storyboard */,
				099C2E6A1C36ABE50020F648 /* Info.plist */,
			);
			path = SwiftBasic;
			sourceTree = "<group>";
		};
/* End PBXGroup section */

/* Begin PBXNativeTarget section */
		099C2E5A1C36ABE50020F648 /* SwiftBasic */ = {
			isa = PBXNativeTarget;
			buildConfigurationList = 099C2E6D1C36ABE50020F648 /* Build configuration list for PBXNativeTarget "SwiftBasic" */;
			buildPhases = (
				099C2E571C36ABE50020F648 /* Sources */,
				099C2E581C36ABE50020F648 /* Frameworks */,
				099C2E591C36ABE50020F648 /* Resources */,
			);
			buildRules = (
			);
			dependencies = (
			);
			name = SwiftBasic;
			productName = SwiftBasic;
			productReference = 099C2E5B1C36ABE50020F648 /* SwiftBasic.app */;
			productType = "com.apple.product-type.application";
		};
/* End PBXNativeTarget section */

/* Begin PBXProject section */
		099C2E531C36ABE50020F648 /* Project object */ = {
			isa = PBXProject;
			attributes = {
				LastSwiftUpdateCheck = 0720;
				LastUpgradeCheck = 0720;
				ORGANIZATIONNAME = baby;
				TargetAttributes = {
					099C2E5A1C36ABE50020F648 = {
						CreatedOnToolsVersion = 7.2;
					};
				};
			};
			buildConfigurationList = 099C2E561C36ABE50020F648 /* Build configuration list for PBXProject "SwiftBasic" */;
			compatibilityVersion = "Xcode 3.2";
			developmentRegion = English;
			hasScannedForEncodings = 0;
			knownRegions = (
				en,
				Base,
			);
			mainGroup = 099C2E521C36ABE50020F648;
			productRefGroup = 099C2E5C1C36ABE50020F648 /* Products */;
			projectDirPath = "";
			projectRoot = "";
			targets = (
				099C2E5A1C36ABE50020F648 /* SwiftBasic */,
			);
		};
/* End PBXProject section */

/* Begin PBXResourcesBuildPhase section */
		099C2E591C36ABE50020F648 /* Resources */ = {
			isa = PBXResourcesBuildPhase;
			buildActionMask = 2147483647;
			files = (
				099C2E691C36ABE50020F648 /* LaunchScreen.storyboard in Resources */,
				099C2E661C36ABE50020F648 /* Assets.xcassets in Resources */,
				099C2E641C36ABE50020F648 /* Main.storyboard in Resources */,
			);
			runOnlyForDeploymentPostprocessing = 0;
		};
/* End PBXResourcesBuildPhase section */

/* Begin PBXSourcesBuildPhase section */
		099C2E571C36ABE50020F648 /* Sources */ = {
			isa = PBXSourcesBuildPhase;
			buildActionMask = 2147483647;
			files = (
				099C2E611C36ABE50020F648 /* ViewController.swift in Sources */,
				099C2E5F1C36ABE50020F648 /* AppDelegate.swift in Sources */,
			);
			runOnlyForDeploymentPostprocessing = 0;
		};
/* End PBXSourcesBuildPhase section */

/* Begin PBXVariantGroup section */
		099C2E621C36ABE50020F648 /* Main.storyboard */ = {
			isa = PBXVariantGroup;
			children = (
				099C2E631C36ABE50020F648 /* Base */,
			);
			name = Main.storyboard;
			sourceTree = "<group>";
		};
		099C2E671C36ABE50020F648 /* LaunchScreen.storyboard */ = {
			isa = PBXVariantGroup;
			children = (
				099C2E681C36ABE50020F648 /* Base */,
			);
			name = LaunchScreen.storyboard;
			sourceTree = "<group>";
		};
/* End PBXVariantGroup section */

/* Begin XCBuildConfiguration section */
		099C2E6B1C36ABE50020F648 /* Debug */ = {
			isa = XCBuildConfiguration;
			buildSettings = {
				ALWAYS_SEARCH_USER_PATHS = NO;
				CLANG_CXX_LANGUAGE_STANDARD = "gnu++0x";
				CLANG_CXX_LIBRARY = "libc++";
				CLANG_ENABLE_MODULES = YES;
				CLANG_ENABLE_OBJC_ARC = YES;
				CLANG_WARN_BOOL_CONVERSION = YES;
				CLANG_WARN_CONSTANT_CONVERSION = YES;
				CLANG_WARN_DIRECT_OBJC_ISA_USAGE = YES_ERROR;
				CLANG_WARN_EMPTY_BODY = YES;
				CLANG_WARN_ENUM_CONVERSION = YES;
				CLANG_WARN_INT_CONVERSION = YES;
				CLANG_WARN_OBJC_ROOT_CLASS = YES_ERROR;
				CLANG_WARN_UNREACHABLE_CODE = YES;
				CLANG_WARN__DUPLICATE_METHOD_MATCH = YES;
				"CODE_SIGN_IDENTITY[sdk=iphoneos*]" = "iPhone Developer";
				COPY_PHASE_STRIP = NO;
				DEBUG_INFORMATION_FORMAT = dwarf;
				ENABLE_STRICT_OBJC_MSGSEND = YES;
				ENABLE_TESTABILITY = YES;
				GCC_C_LANGUAGE_STANDARD = gnu99;
				GCC_DYNAMIC_NO_PIC = NO;
				GCC_NO_COMMON_BLOCKS = YES;
				GCC_OPTIMIZATION_LEVEL = 0;
				GCC_PREPROCESSOR_DEFINITIONS = (
					"DEBUG=1",
					"$(inherited)",
				);
				GCC_WARN_64_TO_32_BIT_CONVERSION = YES;
				GCC_WARN_ABOUT_RETURN_TYPE = YES_ERROR;
				GCC_WARN_UNDECLARED_SELECTOR = YES;
				GCC_WARN_UNINITIALIZED_AUTOS = YES_AGGRESSIVE;
				GCC_WARN_UNUSED_FUNCTION = YES;
				GCC_WARN_UNUSED_VARIABLE = YES;
				IPHONEOS_DEPLOYMENT_TARGET = 9.2;
				MTL_ENABLE_DEBUG_INFO = YES;
				ONLY_ACTIVE_ARCH = YES;
				SDKROOT = iphoneos;
				SWIFT_OPTIMIZATION_LEVEL = "-Onone";
			};
			name = Debug;
		};
		099C2E6C1C36ABE50020F648 /* Release */ = {
			isa = XCBuildConfiguration;
			buildSettings = {
				ALWAYS_SEARCH_USER_PATHS = NO;
				CLANG_CXX_LANGUAGE_STANDARD = "gnu++0x";
				CLANG_CXX_LIBRARY = "libc++";
				CLANG_ENABLE_MODULES = YES;
				CLANG_ENABLE_OBJC_ARC = YES;
				CLANG_WARN_BOOL_CONVERSION = YES;
				CLANG_WARN_CONSTANT_CONVERSION = YES;
				CLANG_WARN_DIRECT_OBJC_ISA_USAGE = YES_ERROR;
				CLANG_WARN_EMPTY_BODY = YES;
				CLANG_WARN_ENUM_CONVERSION = YES;
				CLANG_WARN_INT_CONVERSION = YES;
				CLANG_WARN_OBJC_ROOT_CLASS = YES_ERROR;
				CLANG_WARN_UNREACHABLE_CODE = YES;
				CLANG_WARN__DUPLICATE_METHOD_MATCH = YES;
				"CODE_SIGN_IDENTITY[sdk=iphoneos*]" = "iPhone Developer";
				COPY_PHASE_STRIP = NO;
				DEBUG_INFORMATION_FORMAT = "dwarf-with-dsym";
				ENABLE_NS_ASSERTIONS = NO;
				ENABLE_STRICT_OBJC_MSGSEND = YES;
				GCC_C_LANGUAGE_STANDARD = gnu99;
				GCC_NO_COMMON_BLOCKS = YES;
				GCC_WARN_64_TO_32_BIT_CONVERSION = YES;
				GCC_WARN_ABOUT_RETURN_TYPE = YES_ERROR;
				GCC_WARN_UNDECLARED_SELECTOR = YES;
				GCC_WARN_UNINITIALIZED_AUTOS = YES_AGGRESSIVE;
				GCC_WARN_UNUSED_FUNCTION = YES;
				GCC_WARN_UNUSED_VARIABLE = YES;
				IPHONEOS_DEPLOYMENT_TARGET = 9.2;
				MTL_ENABLE_DEBUG_INFO = NO;
				SDKROOT = iphoneos;
				VALIDATE_PRODUCT = YES;
			};
			name = Release;
		};
		099C2E6E1C36ABE50020F648 /* Debug */ = {
			isa = XCBuildConfiguration;
			buildSettings = {
				ASSETCATALOG_COMPILER_APPICON_NAME = AppIcon;
				INFOPLIST_FILE = SwiftBasic/Info.plist;
				LD_RUNPATH_SEARCH_PATHS = "$(inherited) @executable_path/Frameworks";
				PRODUCT_BUNDLE_IDENTIFIER = "com.Beijing-Gold-Finger-Education-Technology-LLC.SwiftBasic";
				PRODUCT_NAME = "$(TARGET_NAME)";
			};
			name = Debug;
		};
		099C2E6F1C36ABE50020F648 /* Release */ = {
			isa = XCBuildConfiguration;
			buildSettings = {
				ASSETCATALOG_COMPILER_APPICON_NAME = AppIcon;
				INFOPLIST_FILE = SwiftBasic/Info.plist;
				LD_RUNPATH_SEARCH_PATHS = "$(inherited) @executable_path/Frameworks";
				PRODUCT_BUNDLE_IDENTIFIER = "com.Beijing-Gold-Finger-Education-Technology-LLC.SwiftBasic";
				PRODUCT_NAME = "$(TARGET_NAME)";
			};
			name = Release;
		};
/* End XCBuildConfiguration section */

/* Begin XCConfigurationList section */
		099C2E561C36ABE50020F648 /* Build configuration list for PBXProject "SwiftBasic" */ = {
			isa = XCConfigurationList;
			buildConfigurations = (
				099C2E6B1C36ABE50020F648 /* Debug */,
				099C2E6C1C36ABE50020F648 /* Release */,
			);
			defaultConfigurationIsVisible = 0;
			defaultConfigurationName = Release;
		};
		099C2E6D1C36ABE50020F648 /* Build configuration list for PBXNativeTarget "SwiftBasic" */ = {
			isa = XCConfigurationList;
			buildConfigurations = (
				099C2E6E1C36ABE50020F648 /* Debug */,
				099C2E6F1C36ABE50020F648 /* Release */,
			);
			defaultConfigurationIsVisible = 0;
		};
/* End XCConfigurationList section */
	};
	rootObject = 099C2E531C36ABE50020F648 /* Project object */;
}
